<?xml version="1.0" encoding="utf-8"?>
<Project ToolsVersion="4.0" xmlns="http://schemas.microsoft.com/developer/msbuild/2003">
  <ItemGroup>
    <Filter Include="Source Files">
      <UniqueIdentifier>{68667a2f-6ad4-4f2b-9b2a-3e91a45718bf}</UniqueIdentifier>
      <Extensions>cpp;c;cxx;def;odl;idl;hpj;bat;asm</Extensions>
    </Filter>
    <Filter Include="Header Files">
      <UniqueIdentifier>{73ff8e7c-9dca-4fa2-9539-84d7343241a7}</UniqueIdentifier>
      <Extensions>h;hpp;hxx;hm;inl;inc</Extensions>
    </Filter>
    <Filter Include="Resource Files">
      <UniqueIdentifier>{e2f131af-049b-47a3-8186-c765decc3038}</UniqueIdentifier>
      <Extensions>rc;ico;cur;bmp;dlg;rc2;rct;bin;rgs;gif;jpg;jpeg;jpe</Extensions>
    </Filter>
    <Filter Include="Third Party">
      <UniqueIdentifier>{0e6435d6-35c3-481c-a065-b89fd7d32440}</UniqueIdentifier>
    </Filter>
    <Filter Include="Object Files">
      <UniqueIdentifier>{a07afd21-1cb6-4dc3-8ac7-1a2c88048db3}</UniqueIdentifier>
    </Filter>
  </ItemGroup>
  <ItemGroup>
    <ClCompile Include="..\..\steem\Steem.cpp">
      <Filter>Source Files</Filter>
    </ClCompile>
    <ClCompile Include="..\..\steem\emu.cpp">
      <Filter>Source Files</Filter>
    </ClCompile>
    <ClCompile Include="..\..\steem\helper.cpp">
      <Filter>Source Files</Filter>
    </ClCompile>
    <ClCompile Include="..\..\3rdparty\unrarlib\unrarlib\unrarlib.c">
      <Filter>Third Party</Filter>
    </ClCompile>
  </ItemGroup>
  <ItemGroup>
    <ResourceCompile Include="..\..\steem\rc\resource.rc">
      <Filter>Resource Files</Filter>
    </ResourceCompile>
  </ItemGroup>
  <ItemGroup>
    <Object Include="..\..\steem\asm\asm_draw_VC.obj">
      <Filter>Object Files</Filter>
    </Object>
    <Object Include="..\..\steem\asm\asm_osd_VC.obj">
      <Filter>Object Files</Filter>
    </Object>
    <Object Include="..\..\include\asm\portio_vc.obj">
      <Filter>Object Files</Filter>
    </Object>
  </ItemGroup>
</Project>